{
  "version": 4,
  "terraform_version": "1.15.1",
  "serial": 6,
  "lineage": "1b4df7d2-7986-3020-647d-9dba91e13b31",
  "outputs": {},
  "resources": [
    {
      "mode": "managed",
      "type": "aws_iam_group",
      "name": "it_admins",
      "provider": "provider[\"registry.terraform.io/hashicorp/aws\"]",
      "instances": [
        {
          "schema_version": 0,
          "attributes": {
            "arn": "arn:aws:iam::616840711618:group/IT-Lab-Administrators",
            "id": "IT-Lab-Administrators",
            "name": "IT-Lab-Administrators",
            "path": "/",
            "unique_id": "AGPAY7HUSJXBEUX7DQD6N"
          },
          "sensitive_attributes": [],
          "identity_schema_version": 0,
          "private": "bnVsbA=="
        }
      ]
    },
    {
      "mode": "managed",
      "type": "aws_iam_group_membership",
      "name": "team",
      "provider": "provider[\"registry.terraform.io/hashicorp/aws\"]",
      "instances": [
        {
          "schema_version": 0,
          "attributes": {
            "group": "IT-Lab-Administrators",
            "id": "it-lab-membership",
            "name": "it-lab-membership",
            "users": [
              "az104-user1",
              "guest-user"
            ]
          },
          "sensitive_attributes": [],
          "identity_schema_version": 0,
          "private": "bnVsbA==",
          "dependencies": [
            "aws_iam_group.it_admins",
            "aws_iam_user.guest",
            "aws_iam_user.user1"
          ]
        }
      ]
    },
    {
      "mode": "managed",
      "type": "aws_iam_user",
      "name": "guest",
      "provider": "provider[\"registry.terraform.io/hashicorp/aws\"]",
      "instances": [
        {
          "schema_version": 0,
          "attributes": {
            "arn": "arn:aws:iam::616840711618:user/guest-user",
            "force_destroy": false,
            "id": "guest-user",
            "name": "guest-user",
            "path": "/",
            "permissions_boundary": "",
            "tags": {
              "Department": "IT",
              "JobTitle": "IT Lab Administrator",
              "Location": "United States"
            },
            "tags_all": {
              "Department": "IT",
              "JobTitle": "IT Lab Administrator",
              "Location": "United States"
            },
            "unique_id": "AIDAY7HUSJXBPKHQOW5GT"
          },
          "sensitive_attributes": [],
          "identity_schema_version": 0,
          "identity": {
            "account_id": "616840711618",
            "name": "guest-user"
          },
          "private": "bnVsbA=="
        }
      ]
    },
    {
      "mode": "managed",
      "type": "aws_iam_user",
      "name": "user1",
      "provider": "provider[\"registry.terraform.io/hashicorp/aws\"]",
      "instances": [
        {
          "schema_version": 0,
          "attributes": {
            "arn": "arn:aws:iam::616840711618:user/az104-user1",
            "force_destroy": false,
            "id": "az104-user1",
            "name": "az104-user1",
            "path": "/",
            "permissions_boundary": "",
            "tags": {
              "Department": "IT",
              "JobTitle": "IT Lab Administrator",
              "Location": "United States"
            },
            "tags_all": {
              "Department": "IT",
              "JobTitle": "IT Lab Administrator",
              "Location": "United States"
            },
            "unique_id": "AIDAY7HUSJXBKITA3GC5J"
          },
          "sensitive_attributes": [],
          "identity_schema_version": 0,
          "identity": {
            "account_id": "616840711618",
            "name": "az104-user1"
          },
          "private": "bnVsbA=="
        }
      ]
    }
  ],
  "check_results": null
}
